
Microsoft Visual Studio Solution File, Format Version 12.00
# Visual Studio 14
VisualStudioVersion = 14.0.25420.1
MinimumVisualStudioVersion = 10.0.40219.1
Project("{FAE04EC0-301F-11D3-BF4B-00C04F79EFBC}") = "Plugin.Beahat", "BeaHat\Plugin.BeaHat\Plugin.Beahat.csproj", "{A6FCEF44-D2BA-42C7-B3CB-13667BCD7B54}"
EndProject
Project("{FAE04EC0-301F-11D3-BF4B-00C04F79EFBC}") = "Plugin.Beahat.Abstractions", "BeaHat\Plugin.BeaHat.Abstractions\Plugin.Beahat.Abstractions.csproj", "{6EDB0588-FFC5-4EF5-8A99-9E241D0F878D}"
EndProject
Project("{FAE04EC0-301F-11D3-BF4B-00C04F79EFBC}") = "Plugin.Beahat.iOS", "BeaHat\Plugin.BeaHat.iOS\Plugin.Beahat.iOS.csproj", "{2882AEEB-D4CD-4EB9-8A6C-6653B33681F0}"
EndProject
Project("{FAE04EC0-301F-11D3-BF4B-00C04F79EFBC}") = "Plugin.Beahat.Android", "BeaHat\Plugin.BeaHat.Android\Plugin.Beahat.Android.csproj", "{56A56F17-7DE1-4CA1-9617-BF32E971AC84}"
EndProject
Project("{FAE04EC0-301F-11D3-BF4B-00C04F79EFBC}") = "Plugin.Beahat.UWP", "BeaHat\Plugin.BeaHat.UWP\Plugin.Beahat.UWP.csproj", "{E34B516D-C0D8-450F-9DB0-BB6A5B04AEF1}"
EndProject
Project("{2150E333-8FDC-42A3-9474-1A3956D46DE8}") = "Solution Items", "Solution Items", "{5435C1E3-8FF3-48FB-B1F7-81C54C2E9AEB}"
	ProjectSection(SolutionItems) = preProject
		Beahat.Plugin.nuspec = Beahat.Plugin.nuspec
	EndProjectSection
EndProject
Project("{FAE04EC0-301F-11D3-BF4B-00C04F79EFBC}") = "BeahatTutorial", "BeahatTutorial\BeahatTutorial\BeahatTutorial.csproj", "{D613EA5D-9562-4D5D-ADA4-D68025688C4B}"
EndProject
Project("{FAE04EC0-301F-11D3-BF4B-00C04F79EFBC}") = "BeahatTutorial.Droid", "BeahatTutorial\BeahatTutorial.Droid\BeahatTutorial.Droid.csproj", "{DF483064-52CE-4636-AF8E-DC5CBC14B4C7}"
EndProject
Project("{FAE04EC0-301F-11D3-BF4B-00C04F79EFBC}") = "BeahatTutorial.iOS", "BeahatTutorial\BeahatTutorial.iOS\BeahatTutorial.iOS.csproj", "{5C09DB62-F4F7-4378-82F4-351A8C747A5F}"
EndProject
Project("{FAE04EC0-301F-11D3-BF4B-00C04F79EFBC}") = "BeahatTutorial.UWP", "BeahatTutorial\BeahatTutorial.UWP\BeahatTutorial.UWP.csproj", "{B6E3794D-66EB-4BEB-AAC0-8D5E50AB238E}"
EndProject
Global
	GlobalSection(SolutionConfigurationPlatforms) = preSolution
		Ad-Hoc|Any CPU = Ad-Hoc|Any CPU
		Ad-Hoc|ARM = Ad-Hoc|ARM
		Ad-Hoc|iPhone = Ad-Hoc|iPhone
		Ad-Hoc|iPhoneSimulator = Ad-Hoc|iPhoneSimulator
		Ad-Hoc|x64 = Ad-Hoc|x64
		Ad-Hoc|x86 = Ad-Hoc|x86
		AppStore|Any CPU = AppStore|Any CPU
		AppStore|ARM = AppStore|ARM
		AppStore|iPhone = AppStore|iPhone
		AppStore|iPhoneSimulator = AppStore|iPhoneSimulator
		AppStore|x64 = AppStore|x64
		AppStore|x86 = AppStore|x86
		Debug|Any CPU = Debug|Any CPU
		Debug|ARM = Debug|ARM
		Debug|iPhone = Debug|iPhone
		Debug|iPhoneSimulator = Debug|iPhoneSimulator
		Debug|x64 = Debug|x64
		Debug|x86 = Debug|x86
		Release|Any CPU = Release|Any CPU
		Release|ARM = Release|ARM
		Release|iPhone = Release|iPhone
		Release|iPhoneSimulator = Release|iPhoneSimulator
		Release|x64 = Release|x64
		Release|x86 = Release|x86
	EndGlobalSection
	GlobalSection(ProjectConfigurationPlatforms) = postSolution
		{A6FCEF44-D2BA-42C7-B3CB-13667BCD7B54}.Ad-Hoc|Any CPU.ActiveCfg = Release|Any CPU
		{A6FCEF44-D2BA-42C7-B3CB-13667BCD7B54}.Ad-Hoc|Any CPU.Build.0 = Release|Any CPU
		{A6FCEF44-D2BA-42C7-B3CB-13667BCD7B54}.Ad-Hoc|ARM.ActiveCfg = Release|Any CPU
		{A6FCEF44-D2BA-42C7-B3CB-13667BCD7B54}.Ad-Hoc|ARM.Build.0 = Release|Any CPU
		{A6FCEF44-D2BA-42C7-B3CB-13667BCD7B54}.Ad-Hoc|iPhone.ActiveCfg = Release|Any CPU
		{A6FCEF44-D2BA-42C7-B3CB-13667BCD7B54}.Ad-Hoc|iPhone.Build.0 = Release|Any CPU
		{A6FCEF44-D2BA-42C7-B3CB-13667BCD7B54}.Ad-Hoc|iPhoneSimulator.ActiveCfg = Release|Any CPU
		{A6FCEF44-D2BA-42C7-B3CB-13667BCD7B54}.Ad-Hoc|iPhoneSimulator.Build.0 = Release|Any CPU
		{A6FCEF44-D2BA-42C7-B3CB-13667BCD7B54}.Ad-Hoc|x64.ActiveCfg = Release|Any CPU
		{A6FCEF44-D2BA-42C7-B3CB-13667BCD7B54}.Ad-Hoc|x64.Build.0 = Release|Any CPU
		{A6FCEF44-D2BA-42C7-B3CB-13667BCD7B54}.Ad-Hoc|x86.ActiveCfg = Release|Any CPU
		{A6FCEF44-D2BA-42C7-B3CB-13667BCD7B54}.Ad-Hoc|x86.Build.0 = Release|Any CPU
		{A6FCEF44-D2BA-42C7-B3CB-13667BCD7B54}.AppStore|Any CPU.ActiveCfg = Release|Any CPU
		{A6FCEF44-D2BA-42C7-B3CB-13667BCD7B54}.AppStore|Any CPU.Build.0 = Release|Any CPU
		{A6FCEF44-D2BA-42C7-B3CB-13667BCD7B54}.AppStore|ARM.ActiveCfg = Release|Any CPU
		{A6FCEF44-D2BA-42C7-B3CB-13667BCD7B54}.AppStore|ARM.Build.0 = Release|Any CPU
		{A6FCEF44-D2BA-42C7-B3CB-13667BCD7B54}.AppStore|iPhone.ActiveCfg = Release|Any CPU
		{A6FCEF44-D2BA-42C7-B3CB-13667BCD7B54}.AppStore|iPhone.Build.0 = Release|Any CPU
		{A6FCEF44-D2BA-42C7-B3CB-13667BCD7B54}.AppStore|iPhoneSimulator.ActiveCfg = Release|Any CPU
		{A6FCEF44-D2BA-42C7-B3CB-13667BCD7B54}.AppStore|iPhoneSimulator.Build.0 = Release|Any CPU
		{A6FCEF44-D2BA-42C7-B3CB-13667BCD7B54}.AppStore|x64.ActiveCfg = Release|Any CPU
		{A6FCEF44-D2BA-42C7-B3CB-13667BCD7B54}.AppStore|x64.Build.0 = Release|Any CPU
		{A6FCEF44-D2BA-42C7-B3CB-13667BCD7B54}.AppStore|x86.ActiveCfg = Release|Any CPU
		{A6FCEF44-D2BA-42C7-B3CB-13667BCD7B54}.AppStore|x86.Build.0 = Release|Any CPU
		{A6FCEF44-D2BA-42C7-B3CB-13667BCD7B54}.Debug|Any CPU.ActiveCfg = Debug|Any CPU
		{A6FCEF44-D2BA-42C7-B3CB-13667BCD7B54}.Debug|Any CPU.Build.0 = Debug|Any CPU
		{A6FCEF44-D2BA-42C7-B3CB-13667BCD7B54}.Debug|ARM.ActiveCfg = Debug|Any CPU
		{A6FCEF44-D2BA-42C7-B3CB-13667BCD7B54}.Debug|ARM.Build.0 = Debug|Any CPU
		{A6FCEF44-D2BA-42C7-B3CB-13667BCD7B54}.Debug|iPhone.ActiveCfg = Debug|Any CPU
		{A6FCEF44-D2BA-42C7-B3CB-13667BCD7B54}.Debug|iPhone.Build.0 = Debug|Any CPU
		{A6FCEF44-D2BA-42C7-B3CB-13667BCD7B54}.Debug|iPhoneSimulator.ActiveCfg = Debug|Any CPU
		{A6FCEF44-D2BA-42C7-B3CB-13667BCD7B54}.Debug|iPhoneSimulator.Build.0 = Debug|Any CPU
		{A6FCEF44-D2BA-42C7-B3CB-13667BCD7B54}.Debug|x64.ActiveCfg = Debug|Any CPU
		{A6FCEF44-D2BA-42C7-B3CB-13667BCD7B54}.Debug|x64.Build.0 = Debug|Any CPU
		{A6FCEF44-D2BA-42C7-B3CB-13667BCD7B54}.Debug|x86.ActiveCfg = Debug|Any CPU
		{A6FCEF44-D2BA-42C7-B3CB-13667BCD7B54}.Debug|x86.Build.0 = Debug|Any CPU
		{A6FCEF44-D2BA-42C7-B3CB-13667BCD7B54}.Release|Any CPU.ActiveCfg = Release|Any CPU
		{A6FCEF44-D2BA-42C7-B3CB-13667BCD7B54}.Release|Any CPU.Build.0 = Release|Any CPU
		{A6FCEF44-D2BA-42C7-B3CB-13667BCD7B54}.Release|ARM.ActiveCfg = Release|Any CPU
		{A6FCEF44-D2BA-42C7-B3CB-13667BCD7B54}.Release|ARM.Build.0 = Release|Any CPU
		{A6FCEF44-D2BA-42C7-B3CB-13667BCD7B54}.Release|iPhone.ActiveCfg = Release|Any CPU
		{A6FCEF44-D2BA-42C7-B3CB-13667BCD7B54}.Release|iPhone.Build.0 = Release|Any CPU
		{A6FCEF44-D2BA-42C7-B3CB-13667BCD7B54}.Release|iPhoneSimulator.ActiveCfg = Release|Any CPU
		{A6FCEF44-D2BA-42C7-B3CB-13667BCD7B54}.Release|iPhoneSimulator.Build.0 = Release|Any CPU
		{A6FCEF44-D2BA-42C7-B3CB-13667BCD7B54}.Release|x64.ActiveCfg = Release|Any CPU
		{A6FCEF44-D2BA-42C7-B3CB-13667BCD7B54}.Release|x64.Build.0 = Release|Any CPU
		{A6FCEF44-D2BA-42C7-B3CB-13667BCD7B54}.Release|x86.ActiveCfg = Release|Any CPU
		{A6FCEF44-D2BA-42C7-B3CB-13667BCD7B54}.Release|x86.Build.0 = Release|Any CPU
		{6EDB0588-FFC5-4EF5-8A99-9E241D0F878D}.Ad-Hoc|Any CPU.ActiveCfg = Debug|Any CPU
		{6EDB0588-FFC5-4EF5-8A99-9E241D0F878D}.Ad-Hoc|Any CPU.Build.0 = Debug|Any CPU
		{6EDB0588-FFC5-4EF5-8A99-9E241D0F878D}.Ad-Hoc|ARM.ActiveCfg = Debug|Any CPU
		{6EDB0588-FFC5-4EF5-8A99-9E241D0F878D}.Ad-Hoc|ARM.Build.0 = Debug|Any CPU
		{6EDB0588-FFC5-4EF5-8A99-9E241D0F878D}.Ad-Hoc|iPhone.ActiveCfg = Debug|Any CPU
		{6EDB0588-FFC5-4EF5-8A99-9E241D0F878D}.Ad-Hoc|iPhone.Build.0 = Debug|Any CPU
		{6EDB0588-FFC5-4EF5-8A99-9E241D0F878D}.Ad-Hoc|iPhoneSimulator.ActiveCfg = Debug|Any CPU
		{6EDB0588-FFC5-4EF5-8A99-9E241D0F878D}.Ad-Hoc|iPhoneSimulator.Build.0 = Debug|Any CPU
		{6EDB0588-FFC5-4EF5-8A99-9E241D0F878D}.Ad-Hoc|x64.ActiveCfg = Debug|Any CPU
		{6EDB0588-FFC5-4EF5-8A99-9E241D0F878D}.Ad-Hoc|x64.Build.0 = Debug|Any CPU
		{6EDB0588-FFC5-4EF5-8A99-9E241D0F878D}.Ad-Hoc|x86.ActiveCfg = Debug|Any CPU
		{6EDB0588-FFC5-4EF5-8A99-9E241D0F878D}.Ad-Hoc|x86.Build.0 = Debug|Any CPU
		{6EDB0588-FFC5-4EF5-8A99-9E241D0F878D}.AppStore|Any CPU.ActiveCfg = Debug|Any CPU
		{6EDB0588-FFC5-4EF5-8A99-9E241D0F878D}.AppStore|Any CPU.Build.0 = Debug|Any CPU
		{6EDB0588-FFC5-4EF5-8A99-9E241D0F878D}.AppStore|ARM.ActiveCfg = Debug|Any CPU
		{6EDB0588-FFC5-4EF5-8A99-9E241D0F878D}.AppStore|ARM.Build.0 = Debug|Any CPU
		{6EDB0588-FFC5-4EF5-8A99-9E241D0F878D}.AppStore|iPhone.ActiveCfg = Debug|Any CPU
		{6EDB0588-FFC5-4EF5-8A99-9E241D0F878D}.AppStore|iPhone.Build.0 = Debug|Any CPU
		{6EDB0588-FFC5-4EF5-8A99-9E241D0F878D}.AppStore|iPhoneSimulator.ActiveCfg = Debug|Any CPU
		{6EDB0588-FFC5-4EF5-8A99-9E241D0F878D}.AppStore|iPhoneSimulator.Build.0 = Debug|Any CPU
		{6EDB0588-FFC5-4EF5-8A99-9E241D0F878D}.AppStore|x64.ActiveCfg = Debug|Any CPU
		{6EDB0588-FFC5-4EF5-8A99-9E241D0F878D}.AppStore|x64.Build.0 = Debug|Any CPU
		{6EDB0588-FFC5-4EF5-8A99-9E241D0F878D}.AppStore|x86.ActiveCfg = Debug|Any CPU
		{6EDB0588-FFC5-4EF5-8A99-9E241D0F878D}.AppStore|x86.Build.0 = Debug|Any CPU
		{6EDB0588-FFC5-4EF5-8A99-9E241D0F878D}.Debug|Any CPU.ActiveCfg = Debug|Any CPU
		{6EDB0588-FFC5-4EF5-8A99-9E241D0F878D}.Debug|Any CPU.Build.0 = Debug|Any CPU
		{6EDB0588-FFC5-4EF5-8A99-9E241D0F878D}.Debug|ARM.ActiveCfg = Debug|Any CPU
		{6EDB0588-FFC5-4EF5-8A99-9E241D0F878D}.Debug|ARM.Build.0 = Debug|Any CPU
		{6EDB0588-FFC5-4EF5-8A99-9E241D0F878D}.Debug|iPhone.ActiveCfg = Debug|Any CPU
		{6EDB0588-FFC5-4EF5-8A99-9E241D0F878D}.Debug|iPhone.Build.0 = Debug|Any CPU
		{6EDB0588-FFC5-4EF5-8A99-9E241D0F878D}.Debug|iPhoneSimulator.ActiveCfg = Debug|Any CPU
		{6EDB0588-FFC5-4EF5-8A99-9E241D0F878D}.Debug|iPhoneSimulator.Build.0 = Debug|Any CPU
		{6EDB0588-FFC5-4EF5-8A99-9E241D0F878D}.Debug|x64.ActiveCfg = Debug|Any CPU
		{6EDB0588-FFC5-4EF5-8A99-9E241D0F878D}.Debug|x64.Build.0 = Debug|Any CPU
		{6EDB0588-FFC5-4EF5-8A99-9E241D0F878D}.Debug|x86.ActiveCfg = Debug|Any CPU
		{6EDB0588-FFC5-4EF5-8A99-9E241D0F878D}.Debug|x86.Build.0 = Debug|Any CPU
		{6EDB0588-FFC5-4EF5-8A99-9E241D0F878D}.Release|Any CPU.ActiveCfg = Release|Any CPU
		{6EDB0588-FFC5-4EF5-8A99-9E241D0F878D}.Release|Any CPU.Build.0 = Release|Any CPU
		{6EDB0588-FFC5-4EF5-8A99-9E241D0F878D}.Release|ARM.ActiveCfg = Release|Any CPU
		{6EDB0588-FFC5-4EF5-8A99-9E241D0F878D}.Release|ARM.Build.0 = Release|Any CPU
		{6EDB0588-FFC5-4EF5-8A99-9E241D0F878D}.Release|iPhone.ActiveCfg = Release|Any CPU
		{6EDB0588-FFC5-4EF5-8A99-9E241D0F878D}.Release|iPhone.Build.0 = Release|Any CPU
		{6EDB0588-FFC5-4EF5-8A99-9E241D0F878D}.Release|iPhoneSimulator.ActiveCfg = Release|Any CPU
		{6EDB0588-FFC5-4EF5-8A99-9E241D0F878D}.Release|iPhoneSimulator.Build.0 = Release|Any CPU
		{6EDB0588-FFC5-4EF5-8A99-9E241D0F878D}.Release|x64.ActiveCfg = Release|Any CPU
		{6EDB0588-FFC5-4EF5-8A99-9E241D0F878D}.Release|x64.Build.0 = Release|Any CPU
		{6EDB0588-FFC5-4EF5-8A99-9E241D0F878D}.Release|x86.ActiveCfg = Release|Any CPU
		{6EDB0588-FFC5-4EF5-8A99-9E241D0F878D}.Release|x86.Build.0 = Release|Any CPU
		{2882AEEB-D4CD-4EB9-8A6C-6653B33681F0}.Ad-Hoc|Any CPU.ActiveCfg = Debug|Any CPU
		{2882AEEB-D4CD-4EB9-8A6C-6653B33681F0}.Ad-Hoc|Any CPU.Build.0 = Debug|Any CPU
		{2882AEEB-D4CD-4EB9-8A6C-6653B33681F0}.Ad-Hoc|ARM.ActiveCfg = Debug|Any CPU
		{2882AEEB-D4CD-4EB9-8A6C-6653B33681F0}.Ad-Hoc|ARM.Build.0 = Debug|Any CPU
		{2882AEEB-D4CD-4EB9-8A6C-6653B33681F0}.Ad-Hoc|iPhone.ActiveCfg = Debug|Any CPU
		{2882AEEB-D4CD-4EB9-8A6C-6653B33681F0}.Ad-Hoc|iPhone.Build.0 = Debug|Any CPU
		{2882AEEB-D4CD-4EB9-8A6C-6653B33681F0}.Ad-Hoc|iPhoneSimulator.ActiveCfg = Debug|Any CPU
		{2882AEEB-D4CD-4EB9-8A6C-6653B33681F0}.Ad-Hoc|iPhoneSimulator.Build.0 = Debug|Any CPU
		{2882AEEB-D4CD-4EB9-8A6C-6653B33681F0}.Ad-Hoc|x64.ActiveCfg = Debug|Any CPU
		{2882AEEB-D4CD-4EB9-8A6C-6653B33681F0}.Ad-Hoc|x64.Build.0 = Debug|Any CPU
		{2882AEEB-D4CD-4EB9-8A6C-6653B33681F0}.Ad-Hoc|x86.ActiveCfg = Debug|Any CPU
		{2882AEEB-D4CD-4EB9-8A6C-6653B33681F0}.Ad-Hoc|x86.Build.0 = Debug|Any CPU
		{2882AEEB-D4CD-4EB9-8A6C-6653B33681F0}.AppStore|Any CPU.ActiveCfg = Debug|Any CPU
		{2882AEEB-D4CD-4EB9-8A6C-6653B33681F0}.AppStore|Any CPU.Build.0 = Debug|Any CPU
		{2882AEEB-D4CD-4EB9-8A6C-6653B33681F0}.AppStore|ARM.ActiveCfg = Debug|Any CPU
		{2882AEEB-D4CD-4EB9-8A6C-6653B33681F0}.AppStore|ARM.Build.0 = Debug|Any CPU
		{2882AEEB-D4CD-4EB9-8A6C-6653B33681F0}.AppStore|iPhone.ActiveCfg = Debug|Any CPU
		{2882AEEB-D4CD-4EB9-8A6C-6653B33681F0}.AppStore|iPhone.Build.0 = Debug|Any CPU
		{2882AEEB-D4CD-4EB9-8A6C-6653B33681F0}.AppStore|iPhoneSimulator.ActiveCfg = Debug|Any CPU
		{2882AEEB-D4CD-4EB9-8A6C-6653B33681F0}.AppStore|iPhoneSimulator.Build.0 = Debug|Any CPU
		{2882AEEB-D4CD-4EB9-8A6C-6653B33681F0}.AppStore|x64.ActiveCfg = Debug|Any CPU
		{2882AEEB-D4CD-4EB9-8A6C-6653B33681F0}.AppStore|x64.Build.0 = Debug|Any CPU
		{2882AEEB-D4CD-4EB9-8A6C-6653B33681F0}.AppStore|x86.ActiveCfg = Debug|Any CPU
		{2882AEEB-D4CD-4EB9-8A6C-6653B33681F0}.AppStore|x86.Build.0 = Debug|Any CPU
		{2882AEEB-D4CD-4EB9-8A6C-6653B33681F0}.Debug|Any CPU.ActiveCfg = Debug|Any CPU
		{2882AEEB-D4CD-4EB9-8A6C-6653B33681F0}.Debug|Any CPU.Build.0 = Debug|Any CPU
		{2882AEEB-D4CD-4EB9-8A6C-6653B33681F0}.Debug|ARM.ActiveCfg = Debug|Any CPU
		{2882AEEB-D4CD-4EB9-8A6C-6653B33681F0}.Debug|ARM.Build.0 = Debug|Any CPU
		{2882AEEB-D4CD-4EB9-8A6C-6653B33681F0}.Debug|iPhone.ActiveCfg = Debug|Any CPU
		{2882AEEB-D4CD-4EB9-8A6C-6653B33681F0}.Debug|iPhone.Build.0 = Debug|Any CPU
		{2882AEEB-D4CD-4EB9-8A6C-6653B33681F0}.Debug|iPhoneSimulator.ActiveCfg = Debug|Any CPU
		{2882AEEB-D4CD-4EB9-8A6C-6653B33681F0}.Debug|iPhoneSimulator.Build.0 = Debug|Any CPU
		{2882AEEB-D4CD-4EB9-8A6C-6653B33681F0}.Debug|x64.ActiveCfg = Debug|Any CPU
		{2882AEEB-D4CD-4EB9-8A6C-6653B33681F0}.Debug|x64.Build.0 = Debug|Any CPU
		{2882AEEB-D4CD-4EB9-8A6C-6653B33681F0}.Debug|x86.ActiveCfg = Debug|Any CPU
		{2882AEEB-D4CD-4EB9-8A6C-6653B33681F0}.Debug|x86.Build.0 = Debug|Any CPU
		{2882AEEB-D4CD-4EB9-8A6C-6653B33681F0}.Release|Any CPU.ActiveCfg = Release|Any CPU
		{2882AEEB-D4CD-4EB9-8A6C-6653B33681F0}.Release|Any CPU.Build.0 = Release|Any CPU
		{2882AEEB-D4CD-4EB9-8A6C-6653B33681F0}.Release|ARM.ActiveCfg = Release|Any CPU
		{2882AEEB-D4CD-4EB9-8A6C-6653B33681F0}.Release|ARM.Build.0 = Release|Any CPU
		{2882AEEB-D4CD-4EB9-8A6C-6653B33681F0}.Release|iPhone.ActiveCfg = Release|Any CPU
		{2882AEEB-D4CD-4EB9-8A6C-6653B33681F0}.Release|iPhone.Build.0 = Release|Any CPU
		{2882AEEB-D4CD-4EB9-8A6C-6653B33681F0}.Release|iPhoneSimulator.ActiveCfg = Release|Any CPU
		{2882AEEB-D4CD-4EB9-8A6C-6653B33681F0}.Release|iPhoneSimulator.Build.0 = Release|Any CPU
		{2882AEEB-D4CD-4EB9-8A6C-6653B33681F0}.Release|x64.ActiveCfg = Release|Any CPU
		{2882AEEB-D4CD-4EB9-8A6C-6653B33681F0}.Release|x64.Build.0 = Release|Any CPU
		{2882AEEB-D4CD-4EB9-8A6C-6653B33681F0}.Release|x86.ActiveCfg = Release|Any CPU
		{2882AEEB-D4CD-4EB9-8A6C-6653B33681F0}.Release|x86.Build.0 = Release|Any CPU
		{56A56F17-7DE1-4CA1-9617-BF32E971AC84}.Ad-Hoc|Any CPU.ActiveCfg = Debug|Any CPU
		{56A56F17-7DE1-4CA1-9617-BF32E971AC84}.Ad-Hoc|Any CPU.Build.0 = Debug|Any CPU
		{56A56F17-7DE1-4CA1-9617-BF32E971AC84}.Ad-Hoc|ARM.ActiveCfg = Debug|Any CPU
		{56A56F17-7DE1-4CA1-9617-BF32E971AC84}.Ad-Hoc|ARM.Build.0 = Debug|Any CPU
		{56A56F17-7DE1-4CA1-9617-BF32E971AC84}.Ad-Hoc|iPhone.ActiveCfg = Debug|Any CPU
		{56A56F17-7DE1-4CA1-9617-BF32E971AC84}.Ad-Hoc|iPhone.Build.0 = Debug|Any CPU
		{56A56F17-7DE1-4CA1-9617-BF32E971AC84}.Ad-Hoc|iPhoneSimulator.ActiveCfg = Debug|Any CPU
		{56A56F17-7DE1-4CA1-9617-BF32E971AC84}.Ad-Hoc|iPhoneSimulator.Build.0 = Debug|Any CPU
		{56A56F17-7DE1-4CA1-9617-BF32E971AC84}.Ad-Hoc|x64.ActiveCfg = Debug|Any CPU
		{56A56F17-7DE1-4CA1-9617-BF32E971AC84}.Ad-Hoc|x64.Build.0 = Debug|Any CPU
		{56A56F17-7DE1-4CA1-9617-BF32E971AC84}.Ad-Hoc|x86.ActiveCfg = Debug|Any CPU
		{56A56F17-7DE1-4CA1-9617-BF32E971AC84}.Ad-Hoc|x86.Build.0 = Debug|Any CPU
		{56A56F17-7DE1-4CA1-9617-BF32E971AC84}.AppStore|Any CPU.ActiveCfg = Debug|Any CPU
		{56A56F17-7DE1-4CA1-9617-BF32E971AC84}.AppStore|Any CPU.Build.0 = Debug|Any CPU
		{56A56F17-7DE1-4CA1-9617-BF32E971AC84}.AppStore|ARM.ActiveCfg = Debug|Any CPU
		{56A56F17-7DE1-4CA1-9617-BF32E971AC84}.AppStore|ARM.Build.0 = Debug|Any CPU
		{56A56F17-7DE1-4CA1-9617-BF32E971AC84}.AppStore|iPhone.ActiveCfg = Debug|Any CPU
		{56A56F17-7DE1-4CA1-9617-BF32E971AC84}.AppStore|iPhone.Build.0 = Debug|Any CPU
		{56A56F17-7DE1-4CA1-9617-BF32E971AC84}.AppStore|iPhoneSimulator.ActiveCfg = Debug|Any CPU
		{56A56F17-7DE1-4CA1-9617-BF32E971AC84}.AppStore|iPhoneSimulator.Build.0 = Debug|Any CPU
		{56A56F17-7DE1-4CA1-9617-BF32E971AC84}.AppStore|x64.ActiveCfg = Debug|Any CPU
		{56A56F17-7DE1-4CA1-9617-BF32E971AC84}.AppStore|x64.Build.0 = Debug|Any CPU
		{56A56F17-7DE1-4CA1-9617-BF32E971AC84}.AppStore|x86.ActiveCfg = Debug|Any CPU
		{56A56F17-7DE1-4CA1-9617-BF32E971AC84}.AppStore|x86.Build.0 = Debug|Any CPU
		{56A56F17-7DE1-4CA1-9617-BF32E971AC84}.Debug|Any CPU.ActiveCfg = Debug|Any CPU
		{56A56F17-7DE1-4CA1-9617-BF32E971AC84}.Debug|Any CPU.Build.0 = Debug|Any CPU
		{56A56F17-7DE1-4CA1-9617-BF32E971AC84}.Debug|ARM.ActiveCfg = Debug|Any CPU
		{56A56F17-7DE1-4CA1-9617-BF32E971AC84}.Debug|ARM.Build.0 = Debug|Any CPU
		{56A56F17-7DE1-4CA1-9617-BF32E971AC84}.Debug|iPhone.ActiveCfg = Debug|Any CPU
		{56A56F17-7DE1-4CA1-9617-BF32E971AC84}.Debug|iPhone.Build.0 = Debug|Any CPU
		{56A56F17-7DE1-4CA1-9617-BF32E971AC84}.Debug|iPhoneSimulator.ActiveCfg = Debug|Any CPU
		{56A56F17-7DE1-4CA1-9617-BF32E971AC84}.Debug|iPhoneSimulator.Build.0 = Debug|Any CPU
		{56A56F17-7DE1-4CA1-9617-BF32E971AC84}.Debug|x64.ActiveCfg = Debug|Any CPU
		{56A56F17-7DE1-4CA1-9617-BF32E971AC84}.Debug|x64.Build.0 = Debug|Any CPU
		{56A56F17-7DE1-4CA1-9617-BF32E971AC84}.Debug|x86.ActiveCfg = Debug|Any CPU
		{56A56F17-7DE1-4CA1-9617-BF32E971AC84}.Debug|x86.Build.0 = Debug|Any CPU
		{56A56F17-7DE1-4CA1-9617-BF32E971AC84}.Release|Any CPU.ActiveCfg = Release|Any CPU
		{56A56F17-7DE1-4CA1-9617-BF32E971AC84}.Release|Any CPU.Build.0 = Release|Any CPU
		{56A56F17-7DE1-4CA1-9617-BF32E971AC84}.Release|ARM.ActiveCfg = Release|Any CPU
		{56A56F17-7DE1-4CA1-9617-BF32E971AC84}.Release|ARM.Build.0 = Release|Any CPU
		{56A56F17-7DE1-4CA1-9617-BF32E971AC84}.Release|iPhone.ActiveCfg = Release|Any CPU
		{56A56F17-7DE1-4CA1-9617-BF32E971AC84}.Release|iPhone.Build.0 = Release|Any CPU
		{56A56F17-7DE1-4CA1-9617-BF32E971AC84}.Release|iPhoneSimulator.ActiveCfg = Release|Any CPU
		{56A56F17-7DE1-4CA1-9617-BF32E971AC84}.Release|iPhoneSimulator.Build.0 = Release|Any CPU
		{56A56F17-7DE1-4CA1-9617-BF32E971AC84}.Release|x64.ActiveCfg = Release|Any CPU
		{56A56F17-7DE1-4CA1-9617-BF32E971AC84}.Release|x64.Build.0 = Release|Any CPU
		{56A56F17-7DE1-4CA1-9617-BF32E971AC84}.Release|x86.ActiveCfg = Release|Any CPU
		{56A56F17-7DE1-4CA1-9617-BF32E971AC84}.Release|x86.Build.0 = Release|Any CPU
		{E34B516D-C0D8-450F-9DB0-BB6A5B04AEF1}.Ad-Hoc|Any CPU.ActiveCfg = Debug|Any CPU
		{E34B516D-C0D8-450F-9DB0-BB6A5B04AEF1}.Ad-Hoc|Any CPU.Build.0 = Debug|Any CPU
		{E34B516D-C0D8-450F-9DB0-BB6A5B04AEF1}.Ad-Hoc|ARM.ActiveCfg = Debug|ARM
		{E34B516D-C0D8-450F-9DB0-BB6A5B04AEF1}.Ad-Hoc|ARM.Build.0 = Debug|ARM
		{E34B516D-C0D8-450F-9DB0-BB6A5B04AEF1}.Ad-Hoc|iPhone.ActiveCfg = Debug|Any CPU
		{E34B516D-C0D8-450F-9DB0-BB6A5B04AEF1}.Ad-Hoc|iPhone.Build.0 = Debug|Any CPU
		{E34B516D-C0D8-450F-9DB0-BB6A5B04AEF1}.Ad-Hoc|iPhoneSimulator.ActiveCfg = Debug|Any CPU
		{E34B516D-C0D8-450F-9DB0-BB6A5B04AEF1}.Ad-Hoc|iPhoneSimulator.Build.0 = Debug|Any CPU
		{E34B516D-C0D8-450F-9DB0-BB6A5B04AEF1}.Ad-Hoc|x64.ActiveCfg = Debug|x64
		{E34B516D-C0D8-450F-9DB0-BB6A5B04AEF1}.Ad-Hoc|x64.Build.0 = Debug|x64
		{E34B516D-C0D8-450F-9DB0-BB6A5B04AEF1}.Ad-Hoc|x86.ActiveCfg = Debug|x86
		{E34B516D-C0D8-450F-9DB0-BB6A5B04AEF1}.Ad-Hoc|x86.Build.0 = Debug|x86
		{E34B516D-C0D8-450F-9DB0-BB6A5B04AEF1}.AppStore|Any CPU.ActiveCfg = Debug|Any CPU
		{E34B516D-C0D8-450F-9DB0-BB6A5B04AEF1}.AppStore|Any CPU.Build.0 = Debug|Any CPU
		{E34B516D-C0D8-450F-9DB0-BB6A5B04AEF1}.AppStore|ARM.ActiveCfg = Debug|ARM
		{E34B516D-C0D8-450F-9DB0-BB6A5B04AEF1}.AppStore|ARM.Build.0 = Debug|ARM
		{E34B516D-C0D8-450F-9DB0-BB6A5B04AEF1}.AppStore|iPhone.ActiveCfg = Debug|Any CPU
		{E34B516D-C0D8-450F-9DB0-BB6A5B04AEF1}.AppStore|iPhone.Build.0 = Debug|Any CPU
		{E34B516D-C0D8-450F-9DB0-BB6A5B04AEF1}.AppStore|iPhoneSimulator.ActiveCfg = Debug|Any CPU
		{E34B516D-C0D8-450F-9DB0-BB6A5B04AEF1}.AppStore|iPhoneSimulator.Build.0 = Debug|Any CPU
		{E34B516D-C0D8-450F-9DB0-BB6A5B04AEF1}.AppStore|x64.ActiveCfg = Debug|x64
		{E34B516D-C0D8-450F-9DB0-BB6A5B04AEF1}.AppStore|x64.Build.0 = Debug|x64
		{E34B516D-C0D8-450F-9DB0-BB6A5B04AEF1}.AppStore|x86.ActiveCfg = Debug|x86
		{E34B516D-C0D8-450F-9DB0-BB6A5B04AEF1}.AppStore|x86.Build.0 = Debug|x86
		{E34B516D-C0D8-450F-9DB0-BB6A5B04AEF1}.Debug|Any CPU.ActiveCfg = Debug|Any CPU
		{E34B516D-C0D8-450F-9DB0-BB6A5B04AEF1}.Debug|Any CPU.Build.0 = Debug|Any CPU
		{E34B516D-C0D8-450F-9DB0-BB6A5B04AEF1}.Debug|ARM.ActiveCfg = Debug|ARM
		{E34B516D-C0D8-450F-9DB0-BB6A5B04AEF1}.Debug|ARM.Build.0 = Debug|ARM
		{E34B516D-C0D8-450F-9DB0-BB6A5B04AEF1}.Debug|iPhone.ActiveCfg = Debug|Any CPU
		{E34B516D-C0D8-450F-9DB0-BB6A5B04AEF1}.Debug|iPhone.Build.0 = Debug|Any CPU
		{E34B516D-C0D8-450F-9DB0-BB6A5B04AEF1}.Debug|iPhoneSimulator.ActiveCfg = Debug|Any CPU
		{E34B516D-C0D8-450F-9DB0-BB6A5B04AEF1}.Debug|iPhoneSimulator.Build.0 = Debug|Any CPU
		{E34B516D-C0D8-450F-9DB0-BB6A5B04AEF1}.Debug|x64.ActiveCfg = Debug|x64
		{E34B516D-C0D8-450F-9DB0-BB6A5B04AEF1}.Debug|x64.Build.0 = Debug|x64
		{E34B516D-C0D8-450F-9DB0-BB6A5B04AEF1}.Debug|x86.ActiveCfg = Debug|x86
		{E34B516D-C0D8-450F-9DB0-BB6A5B04AEF1}.Debug|x86.Build.0 = Debug|x86
		{E34B516D-C0D8-450F-9DB0-BB6A5B04AEF1}.Release|Any CPU.ActiveCfg = Release|Any CPU
		{E34B516D-C0D8-450F-9DB0-BB6A5B04AEF1}.Release|Any CPU.Build.0 = Release|Any CPU
		{E34B516D-C0D8-450F-9DB0-BB6A5B04AEF1}.Release|ARM.ActiveCfg = Release|ARM
		{E34B516D-C0D8-450F-9DB0-BB6A5B04AEF1}.Release|ARM.Build.0 = Release|ARM
		{E34B516D-C0D8-450F-9DB0-BB6A5B04AEF1}.Release|iPhone.ActiveCfg = Release|Any CPU
		{E34B516D-C0D8-450F-9DB0-BB6A5B04AEF1}.Release|iPhone.Build.0 = Release|Any CPU
		{E34B516D-C0D8-450F-9DB0-BB6A5B04AEF1}.Release|iPhoneSimulator.ActiveCfg = Release|Any CPU
		{E34B516D-C0D8-450F-9DB0-BB6A5B04AEF1}.Release|iPhoneSimulator.Build.0 = Release|Any CPU
		{E34B516D-C0D8-450F-9DB0-BB6A5B04AEF1}.Release|x64.ActiveCfg = Release|x64
		{E34B516D-C0D8-450F-9DB0-BB6A5B04AEF1}.Release|x64.Build.0 = Release|x64
		{E34B516D-C0D8-450F-9DB0-BB6A5B04AEF1}.Release|x86.ActiveCfg = Release|x86
		{E34B516D-C0D8-450F-9DB0-BB6A5B04AEF1}.Release|x86.Build.0 = Release|x86
		{D613EA5D-9562-4D5D-ADA4-D68025688C4B}.Ad-Hoc|Any CPU.ActiveCfg = Release|Any CPU
		{D613EA5D-9562-4D5D-ADA4-D68025688C4B}.Ad-Hoc|Any CPU.Build.0 = Release|Any CPU
		{D613EA5D-9562-4D5D-ADA4-D68025688C4B}.Ad-Hoc|ARM.ActiveCfg = Release|Any CPU
		{D613EA5D-9562-4D5D-ADA4-D68025688C4B}.Ad-Hoc|ARM.Build.0 = Release|Any CPU
		{D613EA5D-9562-4D5D-ADA4-D68025688C4B}.Ad-Hoc|iPhone.ActiveCfg = Release|Any CPU
		{D613EA5D-9562-4D5D-ADA4-D68025688C4B}.Ad-Hoc|iPhone.Build.0 = Release|Any CPU
		{D613EA5D-9562-4D5D-ADA4-D68025688C4B}.Ad-Hoc|iPhoneSimulator.ActiveCfg = Release|Any CPU
		{D613EA5D-9562-4D5D-ADA4-D68025688C4B}.Ad-Hoc|iPhoneSimulator.Build.0 = Release|Any CPU
		{D613EA5D-9562-4D5D-ADA4-D68025688C4B}.Ad-Hoc|x64.ActiveCfg = Release|Any CPU
		{D613EA5D-9562-4D5D-ADA4-D68025688C4B}.Ad-Hoc|x64.Build.0 = Release|Any CPU
		{D613EA5D-9562-4D5D-ADA4-D68025688C4B}.Ad-Hoc|x86.ActiveCfg = Release|Any CPU
		{D613EA5D-9562-4D5D-ADA4-D68025688C4B}.Ad-Hoc|x86.Build.0 = Release|Any CPU
		{D613EA5D-9562-4D5D-ADA4-D68025688C4B}.AppStore|Any CPU.ActiveCfg = Release|Any CPU
		{D613EA5D-9562-4D5D-ADA4-D68025688C4B}.AppStore|Any CPU.Build.0 = Release|Any CPU
		{D613EA5D-9562-4D5D-ADA4-D68025688C4B}.AppStore|ARM.ActiveCfg = Release|Any CPU
		{D613EA5D-9562-4D5D-ADA4-D68025688C4B}.AppStore|ARM.Build.0 = Release|Any CPU
		{D613EA5D-9562-4D5D-ADA4-D68025688C4B}.AppStore|iPhone.ActiveCfg = Release|Any CPU
		{D613EA5D-9562-4D5D-ADA4-D68025688C4B}.AppStore|iPhone.Build.0 = Release|Any CPU
		{D613EA5D-9562-4D5D-ADA4-D68025688C4B}.AppStore|iPhoneSimulator.ActiveCfg = Release|Any CPU
		{D613EA5D-9562-4D5D-ADA4-D68025688C4B}.AppStore|iPhoneSimulator.Build.0 = Release|Any CPU
		{D613EA5D-9562-4D5D-ADA4-D68025688C4B}.AppStore|x64.ActiveCfg = Release|Any CPU
		{D613EA5D-9562-4D5D-ADA4-D68025688C4B}.AppStore|x64.Build.0 = Release|Any CPU
		{D613EA5D-9562-4D5D-ADA4-D68025688C4B}.AppStore|x86.ActiveCfg = Release|Any CPU
		{D613EA5D-9562-4D5D-ADA4-D68025688C4B}.AppStore|x86.Build.0 = Release|Any CPU
		{D613EA5D-9562-4D5D-ADA4-D68025688C4B}.Debug|Any CPU.ActiveCfg = Debug|Any CPU
		{D613EA5D-9562-4D5D-ADA4-D68025688C4B}.Debug|Any CPU.Build.0 = Debug|Any CPU
		{D613EA5D-9562-4D5D-ADA4-D68025688C4B}.Debug|ARM.ActiveCfg = Debug|Any CPU
		{D613EA5D-9562-4D5D-ADA4-D68025688C4B}.Debug|ARM.Build.0 = Debug|Any CPU
		{D613EA5D-9562-4D5D-ADA4-D68025688C4B}.Debug|iPhone.ActiveCfg = Debug|Any CPU
		{D613EA5D-9562-4D5D-ADA4-D68025688C4B}.Debug|iPhone.Build.0 = Debug|Any CPU
		{D613EA5D-9562-4D5D-ADA4-D68025688C4B}.Debug|iPhoneSimulator.ActiveCfg = Debug|Any CPU
		{D613EA5D-9562-4D5D-ADA4-D68025688C4B}.Debug|iPhoneSimulator.Build.0 = Debug|Any CPU
		{D613EA5D-9562-4D5D-ADA4-D68025688C4B}.Debug|x64.ActiveCfg = Debug|Any CPU
		{D613EA5D-9562-4D5D-ADA4-D68025688C4B}.Debug|x64.Build.0 = Debug|Any CPU
		{D613EA5D-9562-4D5D-ADA4-D68025688C4B}.Debug|x86.ActiveCfg = Debug|Any CPU
		{D613EA5D-9562-4D5D-ADA4-D68025688C4B}.Debug|x86.Build.0 = Debug|Any CPU
		{D613EA5D-9562-4D5D-ADA4-D68025688C4B}.Release|Any CPU.ActiveCfg = Release|Any CPU
		{D613EA5D-9562-4D5D-ADA4-D68025688C4B}.Release|Any CPU.Build.0 = Release|Any CPU
		{D613EA5D-9562-4D5D-ADA4-D68025688C4B}.Release|ARM.ActiveCfg = Release|Any CPU
		{D613EA5D-9562-4D5D-ADA4-D68025688C4B}.Release|ARM.Build.0 = Release|Any CPU
		{D613EA5D-9562-4D5D-ADA4-D68025688C4B}.Release|iPhone.ActiveCfg = Release|Any CPU
		{D613EA5D-9562-4D5D-ADA4-D68025688C4B}.Release|iPhone.Build.0 = Release|Any CPU
		{D613EA5D-9562-4D5D-ADA4-D68025688C4B}.Release|iPhoneSimulator.ActiveCfg = Release|Any CPU
		{D613EA5D-9562-4D5D-ADA4-D68025688C4B}.Release|iPhoneSimulator.Build.0 = Release|Any CPU
		{D613EA5D-9562-4D5D-ADA4-D68025688C4B}.Release|x64.ActiveCfg = Release|Any CPU
		{D613EA5D-9562-4D5D-ADA4-D68025688C4B}.Release|x64.Build.0 = Release|Any CPU
		{D613EA5D-9562-4D5D-ADA4-D68025688C4B}.Release|x86.ActiveCfg = Release|Any CPU
		{D613EA5D-9562-4D5D-ADA4-D68025688C4B}.Release|x86.Build.0 = Release|Any CPU
		{DF483064-52CE-4636-AF8E-DC5CBC14B4C7}.Ad-Hoc|Any CPU.ActiveCfg = Release|Any CPU
		{DF483064-52CE-4636-AF8E-DC5CBC14B4C7}.Ad-Hoc|Any CPU.Build.0 = Release|Any CPU
		{DF483064-52CE-4636-AF8E-DC5CBC14B4C7}.Ad-Hoc|Any CPU.Deploy.0 = Release|Any CPU
		{DF483064-52CE-4636-AF8E-DC5CBC14B4C7}.Ad-Hoc|ARM.ActiveCfg = Release|Any CPU
		{DF483064-52CE-4636-AF8E-DC5CBC14B4C7}.Ad-Hoc|ARM.Build.0 = Release|Any CPU
		{DF483064-52CE-4636-AF8E-DC5CBC14B4C7}.Ad-Hoc|ARM.Deploy.0 = Release|Any CPU
		{DF483064-52CE-4636-AF8E-DC5CBC14B4C7}.Ad-Hoc|iPhone.ActiveCfg = Release|Any CPU
		{DF483064-52CE-4636-AF8E-DC5CBC14B4C7}.Ad-Hoc|iPhone.Build.0 = Release|Any CPU
		{DF483064-52CE-4636-AF8E-DC5CBC14B4C7}.Ad-Hoc|iPhone.Deploy.0 = Release|Any CPU
		{DF483064-52CE-4636-AF8E-DC5CBC14B4C7}.Ad-Hoc|iPhoneSimulator.ActiveCfg = Release|Any CPU
		{DF483064-52CE-4636-AF8E-DC5CBC14B4C7}.Ad-Hoc|iPhoneSimulator.Build.0 = Release|Any CPU
		{DF483064-52CE-4636-AF8E-DC5CBC14B4C7}.Ad-Hoc|iPhoneSimulator.Deploy.0 = Release|Any CPU
		{DF483064-52CE-4636-AF8E-DC5CBC14B4C7}.Ad-Hoc|x64.ActiveCfg = Release|Any CPU
		{DF483064-52CE-4636-AF8E-DC5CBC14B4C7}.Ad-Hoc|x64.Build.0 = Release|Any CPU
		{DF483064-52CE-4636-AF8E-DC5CBC14B4C7}.Ad-Hoc|x64.Deploy.0 = Release|Any CPU
		{DF483064-52CE-4636-AF8E-DC5CBC14B4C7}.Ad-Hoc|x86.ActiveCfg = Release|Any CPU
		{DF483064-52CE-4636-AF8E-DC5CBC14B4C7}.Ad-Hoc|x86.Build.0 = Release|Any CPU
		{DF483064-52CE-4636-AF8E-DC5CBC14B4C7}.Ad-Hoc|x86.Deploy.0 = Release|Any CPU
		{DF483064-52CE-4636-AF8E-DC5CBC14B4C7}.AppStore|Any CPU.ActiveCfg = Release|Any CPU
		{DF483064-52CE-4636-AF8E-DC5CBC14B4C7}.AppStore|Any CPU.Build.0 = Release|Any CPU
		{DF483064-52CE-4636-AF8E-DC5CBC14B4C7}.AppStore|Any CPU.Deploy.0 = Release|Any CPU
		{DF483064-52CE-4636-AF8E-DC5CBC14B4C7}.AppStore|ARM.ActiveCfg = Release|Any CPU
		{DF483064-52CE-4636-AF8E-DC5CBC14B4C7}.AppStore|ARM.Build.0 = Release|Any CPU
		{DF483064-52CE-4636-AF8E-DC5CBC14B4C7}.AppStore|ARM.Deploy.0 = Release|Any CPU
		{DF483064-52CE-4636-AF8E-DC5CBC14B4C7}.AppStore|iPhone.ActiveCfg = Release|Any CPU
		{DF483064-52CE-4636-AF8E-DC5CBC14B4C7}.AppStore|iPhone.Build.0 = Release|Any CPU
		{DF483064-52CE-4636-AF8E-DC5CBC14B4C7}.AppStore|iPhone.Deploy.0 = Release|Any CPU
		{DF483064-52CE-4636-AF8E-DC5CBC14B4C7}.AppStore|iPhoneSimulator.ActiveCfg = Release|Any CPU
		{DF483064-52CE-4636-AF8E-DC5CBC14B4C7}.AppStore|iPhoneSimulator.Build.0 = Release|Any CPU
		{DF483064-52CE-4636-AF8E-DC5CBC14B4C7}.AppStore|iPhoneSimulator.Deploy.0 = Release|Any CPU
		{DF483064-52CE-4636-AF8E-DC5CBC14B4C7}.AppStore|x64.ActiveCfg = Release|Any CPU
		{DF483064-52CE-4636-AF8E-DC5CBC14B4C7}.AppStore|x64.Build.0 = Release|Any CPU
		{DF483064-52CE-4636-AF8E-DC5CBC14B4C7}.AppStore|x64.Deploy.0 = Release|Any CPU
		{DF483064-52CE-4636-AF8E-DC5CBC14B4C7}.AppStore|x86.ActiveCfg = Release|Any CPU
		{DF483064-52CE-4636-AF8E-DC5CBC14B4C7}.AppStore|x86.Build.0 = Release|Any CPU
		{DF483064-52CE-4636-AF8E-DC5CBC14B4C7}.AppStore|x86.Deploy.0 = Release|Any CPU
		{DF483064-52CE-4636-AF8E-DC5CBC14B4C7}.Debug|Any CPU.ActiveCfg = Debug|Any CPU
		{DF483064-52CE-4636-AF8E-DC5CBC14B4C7}.Debug|Any CPU.Build.0 = Debug|Any CPU
		{DF483064-52CE-4636-AF8E-DC5CBC14B4C7}.Debug|Any CPU.Deploy.0 = Debug|Any CPU
		{DF483064-52CE-4636-AF8E-DC5CBC14B4C7}.Debug|ARM.ActiveCfg = Debug|Any CPU
		{DF483064-52CE-4636-AF8E-DC5CBC14B4C7}.Debug|ARM.Build.0 = Debug|Any CPU
		{DF483064-52CE-4636-AF8E-DC5CBC14B4C7}.Debug|ARM.Deploy.0 = Debug|Any CPU
		{DF483064-52CE-4636-AF8E-DC5CBC14B4C7}.Debug|iPhone.ActiveCfg = Debug|Any CPU
		{DF483064-52CE-4636-AF8E-DC5CBC14B4C7}.Debug|iPhoneSimulator.ActiveCfg = Debug|Any CPU
		{DF483064-52CE-4636-AF8E-DC5CBC14B4C7}.Debug|x64.ActiveCfg = Debug|Any CPU
		{DF483064-52CE-4636-AF8E-DC5CBC14B4C7}.Debug|x64.Build.0 = Debug|Any CPU
		{DF483064-52CE-4636-AF8E-DC5CBC14B4C7}.Debug|x64.Deploy.0 = Debug|Any CPU
		{DF483064-52CE-4636-AF8E-DC5CBC14B4C7}.Debug|x86.ActiveCfg = Debug|Any CPU
		{DF483064-52CE-4636-AF8E-DC5CBC14B4C7}.Debug|x86.Build.0 = Debug|Any CPU
		{DF483064-52CE-4636-AF8E-DC5CBC14B4C7}.Debug|x86.Deploy.0 = Debug|Any CPU
		{DF483064-52CE-4636-AF8E-DC5CBC14B4C7}.Release|Any CPU.ActiveCfg = Release|Any CPU
		{DF483064-52CE-4636-AF8E-DC5CBC14B4C7}.Release|Any CPU.Build.0 = Release|Any CPU
		{DF483064-52CE-4636-AF8E-DC5CBC14B4C7}.Release|Any CPU.Deploy.0 = Release|Any CPU
		{DF483064-52CE-4636-AF8E-DC5CBC14B4C7}.Release|ARM.ActiveCfg = Release|Any CPU
		{DF483064-52CE-4636-AF8E-DC5CBC14B4C7}.Release|ARM.Build.0 = Release|Any CPU
		{DF483064-52CE-4636-AF8E-DC5CBC14B4C7}.Release|ARM.Deploy.0 = Release|Any CPU
		{DF483064-52CE-4636-AF8E-DC5CBC14B4C7}.Release|iPhone.ActiveCfg = Release|Any CPU
		{DF483064-52CE-4636-AF8E-DC5CBC14B4C7}.Release|iPhoneSimulator.ActiveCfg = Release|Any CPU
		{DF483064-52CE-4636-AF8E-DC5CBC14B4C7}.Release|x64.ActiveCfg = Release|Any CPU
		{DF483064-52CE-4636-AF8E-DC5CBC14B4C7}.Release|x64.Build.0 = Release|Any CPU
		{DF483064-52CE-4636-AF8E-DC5CBC14B4C7}.Release|x64.Deploy.0 = Release|Any CPU
		{DF483064-52CE-4636-AF8E-DC5CBC14B4C7}.Release|x86.ActiveCfg = Release|Any CPU
		{DF483064-52CE-4636-AF8E-DC5CBC14B4C7}.Release|x86.Build.0 = Release|Any CPU
		{DF483064-52CE-4636-AF8E-DC5CBC14B4C7}.Release|x86.Deploy.0 = Release|Any CPU
		{5C09DB62-F4F7-4378-82F4-351A8C747A5F}.Ad-Hoc|Any CPU.ActiveCfg = Ad-Hoc|iPhone
		{5C09DB62-F4F7-4378-82F4-351A8C747A5F}.Ad-Hoc|ARM.ActiveCfg = Ad-Hoc|iPhone
		{5C09DB62-F4F7-4378-82F4-351A8C747A5F}.Ad-Hoc|iPhone.ActiveCfg = Ad-Hoc|iPhone
		{5C09DB62-F4F7-4378-82F4-351A8C747A5F}.Ad-Hoc|iPhone.Build.0 = Ad-Hoc|iPhone
		{5C09DB62-F4F7-4378-82F4-351A8C747A5F}.Ad-Hoc|iPhoneSimulator.ActiveCfg = Ad-Hoc|iPhoneSimulator
		{5C09DB62-F4F7-4378-82F4-351A8C747A5F}.Ad-Hoc|iPhoneSimulator.Build.0 = Ad-Hoc|iPhoneSimulator
		{5C09DB62-F4F7-4378-82F4-351A8C747A5F}.Ad-Hoc|x64.ActiveCfg = Ad-Hoc|iPhone
		{5C09DB62-F4F7-4378-82F4-351A8C747A5F}.Ad-Hoc|x86.ActiveCfg = Ad-Hoc|iPhone
		{5C09DB62-F4F7-4378-82F4-351A8C747A5F}.AppStore|Any CPU.ActiveCfg = AppStore|iPhone
		{5C09DB62-F4F7-4378-82F4-351A8C747A5F}.AppStore|ARM.ActiveCfg = AppStore|iPhone
		{5C09DB62-F4F7-4378-82F4-351A8C747A5F}.AppStore|iPhone.ActiveCfg = AppStore|iPhone
		{5C09DB62-F4F7-4378-82F4-351A8C747A5F}.AppStore|iPhone.Build.0 = AppStore|iPhone
		{5C09DB62-F4F7-4378-82F4-351A8C747A5F}.AppStore|iPhoneSimulator.ActiveCfg = AppStore|iPhoneSimulator
		{5C09DB62-F4F7-4378-82F4-351A8C747A5F}.AppStore|iPhoneSimulator.Build.0 = AppStore|iPhoneSimulator
		{5C09DB62-F4F7-4378-82F4-351A8C747A5F}.AppStore|x64.ActiveCfg = AppStore|iPhone
		{5C09DB62-F4F7-4378-82F4-351A8C747A5F}.AppStore|x86.ActiveCfg = AppStore|iPhone
		{5C09DB62-F4F7-4378-82F4-351A8C747A5F}.Debug|Any CPU.ActiveCfg = Debug|iPhone
		{5C09DB62-F4F7-4378-82F4-351A8C747A5F}.Debug|Any CPU.Build.0 = Debug|iPhone
		{5C09DB62-F4F7-4378-82F4-351A8C747A5F}.Debug|ARM.ActiveCfg = Debug|iPhone
		{5C09DB62-F4F7-4378-82F4-351A8C747A5F}.Debug|iPhone.ActiveCfg = Debug|iPhone
		{5C09DB62-F4F7-4378-82F4-351A8C747A5F}.Debug|iPhone.Build.0 = Debug|iPhone
		{5C09DB62-F4F7-4378-82F4-351A8C747A5F}.Debug|iPhoneSimulator.ActiveCfg = Debug|iPhoneSimulator
		{5C09DB62-F4F7-4378-82F4-351A8C747A5F}.Debug|iPhoneSimulator.Build.0 = Debug|iPhoneSimulator
		{5C09DB62-F4F7-4378-82F4-351A8C747A5F}.Debug|x64.ActiveCfg = Debug|iPhone
		{5C09DB62-F4F7-4378-82F4-351A8C747A5F}.Debug|x86.ActiveCfg = Debug|iPhone
		{5C09DB62-F4F7-4378-82F4-351A8C747A5F}.Release|Any CPU.ActiveCfg = Release|iPhone
		{5C09DB62-F4F7-4378-82F4-351A8C747A5F}.Release|Any CPU.Build.0 = Release|iPhone
		{5C09DB62-F4F7-4378-82F4-351A8C747A5F}.Release|ARM.ActiveCfg = Release|iPhone
		{5C09DB62-F4F7-4378-82F4-351A8C747A5F}.Release|iPhone.ActiveCfg = Release|iPhone
		{5C09DB62-F4F7-4378-82F4-351A8C747A5F}.Release|iPhone.Build.0 = Release|iPhone
		{5C09DB62-F4F7-4378-82F4-351A8C747A5F}.Release|iPhoneSimulator.ActiveCfg = Release|iPhoneSimulator
		{5C09DB62-F4F7-4378-82F4-351A8C747A5F}.Release|iPhoneSimulator.Build.0 = Release|iPhoneSimulator
		{5C09DB62-F4F7-4378-82F4-351A8C747A5F}.Release|x64.ActiveCfg = Release|iPhone
		{5C09DB62-F4F7-4378-82F4-351A8C747A5F}.Release|x86.ActiveCfg = Release|iPhone
		{B6E3794D-66EB-4BEB-AAC0-8D5E50AB238E}.Ad-Hoc|Any CPU.ActiveCfg = Release|x86
		{B6E3794D-66EB-4BEB-AAC0-8D5E50AB238E}.Ad-Hoc|Any CPU.Build.0 = Release|x86
		{B6E3794D-66EB-4BEB-AAC0-8D5E50AB238E}.Ad-Hoc|Any CPU.Deploy.0 = Release|x86
		{B6E3794D-66EB-4BEB-AAC0-8D5E50AB238E}.Ad-Hoc|ARM.ActiveCfg = Release|ARM
		{B6E3794D-66EB-4BEB-AAC0-8D5E50AB238E}.Ad-Hoc|ARM.Build.0 = Release|ARM
		{B6E3794D-66EB-4BEB-AAC0-8D5E50AB238E}.Ad-Hoc|ARM.Deploy.0 = Release|ARM
		{B6E3794D-66EB-4BEB-AAC0-8D5E50AB238E}.Ad-Hoc|iPhone.ActiveCfg = Release|x86
		{B6E3794D-66EB-4BEB-AAC0-8D5E50AB238E}.Ad-Hoc|iPhone.Build.0 = Release|x86
		{B6E3794D-66EB-4BEB-AAC0-8D5E50AB238E}.Ad-Hoc|iPhone.Deploy.0 = Release|x86
		{B6E3794D-66EB-4BEB-AAC0-8D5E50AB238E}.Ad-Hoc|iPhoneSimulator.ActiveCfg = Release|x86
		{B6E3794D-66EB-4BEB-AAC0-8D5E50AB238E}.Ad-Hoc|iPhoneSimulator.Build.0 = Release|x86
		{B6E3794D-66EB-4BEB-AAC0-8D5E50AB238E}.Ad-Hoc|iPhoneSimulator.Deploy.0 = Release|x86
		{B6E3794D-66EB-4BEB-AAC0-8D5E50AB238E}.Ad-Hoc|x64.ActiveCfg = Release|x64
		{B6E3794D-66EB-4BEB-AAC0-8D5E50AB238E}.Ad-Hoc|x64.Build.0 = Release|x64
		{B6E3794D-66EB-4BEB-AAC0-8D5E50AB238E}.Ad-Hoc|x64.Deploy.0 = Release|x64
		{B6E3794D-66EB-4BEB-AAC0-8D5E50AB238E}.Ad-Hoc|x86.ActiveCfg = Release|x86
		{B6E3794D-66EB-4BEB-AAC0-8D5E50AB238E}.Ad-Hoc|x86.Build.0 = Release|x86
		{B6E3794D-66EB-4BEB-AAC0-8D5E50AB238E}.Ad-Hoc|x86.Deploy.0 = Release|x86
		{B6E3794D-66EB-4BEB-AAC0-8D5E50AB238E}.AppStore|Any CPU.ActiveCfg = Release|x86
		{B6E3794D-66EB-4BEB-AAC0-8D5E50AB238E}.AppStore|Any CPU.Build.0 = Release|x86
		{B6E3794D-66EB-4BEB-AAC0-8D5E50AB238E}.AppStore|Any CPU.Deploy.0 = Release|x86
		{B6E3794D-66EB-4BEB-AAC0-8D5E50AB238E}.AppStore|ARM.ActiveCfg = Release|ARM
		{B6E3794D-66EB-4BEB-AAC0-8D5E50AB238E}.AppStore|ARM.Build.0 = Release|ARM
		{B6E3794D-66EB-4BEB-AAC0-8D5E50AB238E}.AppStore|ARM.Deploy.0 = Release|ARM
		{B6E3794D-66EB-4BEB-AAC0-8D5E50AB238E}.AppStore|iPhone.ActiveCfg = Release|x86
		{B6E3794D-66EB-4BEB-AAC0-8D5E50AB238E}.AppStore|iPhone.Build.0 = Release|x86
		{B6E3794D-66EB-4BEB-AAC0-8D5E50AB238E}.AppStore|iPhone.Deploy.0 = Release|x86
		{B6E3794D-66EB-4BEB-AAC0-8D5E50AB238E}.AppStore|iPhoneSimulator.ActiveCfg = Release|x86
		{B6E3794D-66EB-4BEB-AAC0-8D5E50AB238E}.AppStore|iPhoneSimulator.Build.0 = Release|x86
		{B6E3794D-66EB-4BEB-AAC0-8D5E50AB238E}.AppStore|iPhoneSimulator.Deploy.0 = Release|x86
		{B6E3794D-66EB-4BEB-AAC0-8D5E50AB238E}.AppStore|x64.ActiveCfg = Release|x64
		{B6E3794D-66EB-4BEB-AAC0-8D5E50AB238E}.AppStore|x64.Build.0 = Release|x64
		{B6E3794D-66EB-4BEB-AAC0-8D5E50AB238E}.AppStore|x64.Deploy.0 = Release|x64
		{B6E3794D-66EB-4BEB-AAC0-8D5E50AB238E}.AppStore|x86.ActiveCfg = Release|x86
		{B6E3794D-66EB-4BEB-AAC0-8D5E50AB238E}.AppStore|x86.Build.0 = Release|x86
		{B6E3794D-66EB-4BEB-AAC0-8D5E50AB238E}.AppStore|x86.Deploy.0 = Release|x86
		{B6E3794D-66EB-4BEB-AAC0-8D5E50AB238E}.Debug|Any CPU.ActiveCfg = Debug|x86
		{B6E3794D-66EB-4BEB-AAC0-8D5E50AB238E}.Debug|Any CPU.Build.0 = Debug|x86
		{B6E3794D-66EB-4BEB-AAC0-8D5E50AB238E}.Debug|Any CPU.Deploy.0 = Debug|x86
		{B6E3794D-66EB-4BEB-AAC0-8D5E50AB238E}.Debug|ARM.ActiveCfg = Debug|ARM
		{B6E3794D-66EB-4BEB-AAC0-8D5E50AB238E}.Debug|ARM.Build.0 = Debug|ARM
		{B6E3794D-66EB-4BEB-AAC0-8D5E50AB238E}.Debug|ARM.Deploy.0 = Debug|ARM
		{B6E3794D-66EB-4BEB-AAC0-8D5E50AB238E}.Debug|iPhone.ActiveCfg = Debug|x86
		{B6E3794D-66EB-4BEB-AAC0-8D5E50AB238E}.Debug|iPhoneSimulator.ActiveCfg = Debug|x86
		{B6E3794D-66EB-4BEB-AAC0-8D5E50AB238E}.Debug|x64.ActiveCfg = Debug|x64
		{B6E3794D-66EB-4BEB-AAC0-8D5E50AB238E}.Debug|x64.Build.0 = Debug|x64
		{B6E3794D-66EB-4BEB-AAC0-8D5E50AB238E}.Debug|x64.Deploy.0 = Debug|x64
		{B6E3794D-66EB-4BEB-AAC0-8D5E50AB238E}.Debug|x86.ActiveCfg = Debug|x86
		{B6E3794D-66EB-4BEB-AAC0-8D5E50AB238E}.Debug|x86.Build.0 = Debug|x86
		{B6E3794D-66EB-4BEB-AAC0-8D5E50AB238E}.Debug|x86.Deploy.0 = Debug|x86
		{B6E3794D-66EB-4BEB-AAC0-8D5E50AB238E}.Release|Any CPU.ActiveCfg = Release|x86
		{B6E3794D-66EB-4BEB-AAC0-8D5E50AB238E}.Release|Any CPU.Build.0 = Release|x86
		{B6E3794D-66EB-4BEB-AAC0-8D5E50AB238E}.Release|Any CPU.Deploy.0 = Release|x86
		{B6E3794D-66EB-4BEB-AAC0-8D5E50AB238E}.Release|ARM.ActiveCfg = Release|ARM
		{B6E3794D-66EB-4BEB-AAC0-8D5E50AB238E}.Release|ARM.Build.0 = Release|ARM
		{B6E3794D-66EB-4BEB-AAC0-8D5E50AB238E}.Release|ARM.Deploy.0 = Release|ARM
		{B6E3794D-66EB-4BEB-AAC0-8D5E50AB238E}.Release|iPhone.ActiveCfg = Release|x86
		{B6E3794D-66EB-4BEB-AAC0-8D5E50AB238E}.Release|iPhoneSimulator.ActiveCfg = Release|x86
		{B6E3794D-66EB-4BEB-AAC0-8D5E50AB238E}.Release|x64.ActiveCfg = Release|x64
		{B6E3794D-66EB-4BEB-AAC0-8D5E50AB238E}.Release|x64.Build.0 = Release|x64
		{B6E3794D-66EB-4BEB-AAC0-8D5E50AB238E}.Release|x64.Deploy.0 = Release|x64
		{B6E3794D-66EB-4BEB-AAC0-8D5E50AB238E}.Release|x86.ActiveCfg = Release|x86
		{B6E3794D-66EB-4BEB-AAC0-8D5E50AB238E}.Release|x86.Build.0 = Release|x86
		{B6E3794D-66EB-4BEB-AAC0-8D5E50AB238E}.Release|x86.Deploy.0 = Release|x86
	EndGlobalSection
	GlobalSection(SolutionProperties) = preSolution
		HideSolutionNode = FALSE
	EndGlobalSection
EndGlobal
